
Microsoft Visual Studio Solution File, Format Version 12.00
# Visual Studio Version 16
VisualStudioVersion = 16.0.30711.63
MinimumVisualStudioVersion = 10.0.40219.1
Project("{FAE04EC0-301F-11D3-BF4B-00C04F79EFBC}") = "fileCopy", "fileCopy.csproj", "{60B96457-86EB-41D9-B806-7D85C72964EB}"
EndProject
Global
	GlobalSection(SolutionConfigurationPlatforms) = preSolution
		Debug|Any CPU = Debug|Any CPU
		Release|Any CPU = Release|Any CPU
	EndGlobalSection
	GlobalSection(ProjectConfigurationPlatforms) = postSolution
		{60B96457-86EB-41D9-B806-7D85C72964EB}.Debug|Any CPU.ActiveCfg = Debug|Any CPU
		{60B96457-86EB-41D9-B806-7D85C72964EB}.Debug|Any CPU.Build.0 = Debug|Any CPU
		{60B96457-86EB-41D9-B806-7D85C72964EB}.Release|Any CPU.ActiveCfg = Release|Any CPU
		{60B96457-86EB-41D9-B806-7D85C72964EB}.Release|Any CPU.Build.0 = Release|Any CPU
	EndGlobalSection
	GlobalSection(SolutionProperties) = preSolution
		HideSolutionNode = FALSE
	EndGlobalSection
	GlobalSection(ExtensibilityGlobals) = postSolution
		SolutionGuid = {74D9780B-6A4C-4E23-AFC8-2BC24A31C29E}
	EndGlobalSection
EndGlobal
